Microsoft Visual Studio Solution File, Format Version 12.00
# Visual Studio Version 17
VisualStudioVersion = 17.5.2.0
MinimumVisualStudioVersion = 10.0.40219.1
Project("{FAE04EC0-301F-11D3-BF4B-00C04F79EFBC}") = "tl1-tp6-2025-nicopowell", "tl1-tp6-2025-nicopowell.csproj", "{A269A623-E429-335B-AA05-2D86A04E1CA0}"
EndProject
Global
	GlobalSection(SolutionConfigurationPlatforms) = preSolution
		Debug|Any CPU = Debug|Any CPU
		Release|Any CPU = Release|Any CPU
	EndGlobalSection
	GlobalSection(ProjectConfigurationPlatforms) = postSolution
		{A269A623-E429-335B-AA05-2D86A04E1CA0}.Debug|Any CPU.ActiveCfg = Debug|Any CPU
		{A269A623-E429-335B-AA05-2D86A04E1CA0}.Debug|Any CPU.Build.0 = Debug|Any CPU
		{A269A623-E429-335B-AA05-2D86A04E1CA0}.Release|Any CPU.ActiveCfg = Release|Any CPU
		{A269A623-E429-335B-AA05-2D86A04E1CA0}.Release|Any CPU.Build.0 = Release|Any CPU
	EndGlobalSection
	GlobalSection(SolutionProperties) = preSolution
		HideSolutionNode = FALSE
	EndGlobalSection
	GlobalSection(ExtensibilityGlobals) = postSolution
		SolutionGuid = {26E125CC-7C15-4E2A-BEBD-0B0CDA134545}
	EndGlobalSection
EndGlobal
